// !$*UTF8*$!
{
	archiveVersion = 1;
	classes = {
	};
	objectVersion = 56;
	objects = {

/* Begin PBXBuildFile section */
		EEFC900D2B0E56DE00905B2C /* jeevrakshaApp.swift in Sources */ = {isa = PBXBuildFile; fileRef = EEFC900C2B0E56DE00905B2C /* jeevrakshaApp.swift */; };
		EEFC900F2B0E56DE00905B2C /* ContentView.swift in Sources */ = {isa = PBXBuildFile; fileRef = EEFC900E2B0E56DE00905B2C /* ContentView.swift */; };
		EEFC90112B0E56DF00905B2C /* Assets.xcassets in Resources */ = {isa = PBXBuildFile; fileRef = EEFC90102B0E56DF00905B2C /* Assets.xcassets */; };
		EEFC90142B0E56DF00905B2C /* Preview Assets.xcassets in Resources */ = {isa = PBXBuildFile; fileRef = EEFC90132B0E56DF00905B2C /* Preview Assets.xcassets */; };
		EEFC901E2B0E56DF00905B2C /* jeevrakshaTests.swift in Sources */ = {isa = PBXBuildFile; fileRef = EEFC901D2B0E56DF00905B2C /* jeevrakshaTests.swift */; };
		EEFC90282B0E56DF00905B2C /* jeevrakshaUITests.swift in Sources */ = {isa = PBXBuildFile; fileRef = EEFC90272B0E56DF00905B2C /* jeevrakshaUITests.swift */; };
		EEFC902A2B0E56DF00905B2C /* jeevrakshaUITestsLaunchTests.swift in Sources */ = {isa = PBXBuildFile; fileRef = EEFC90292B0E56DF00905B2C /* jeevrakshaUITestsLaunchTests.swift */; };
/* End PBXBuildFile section */

/* Begin PBXContainerItemProxy section */
		EEFC901A2B0E56DF00905B2C /* PBXContainerItemProxy */ = {
			isa = PBXContainerItemProxy;
			containerPortal = EEFC90012B0E56DE00905B2C /* Project object */;
			proxyType = 1;
			remoteGlobalIDString = EEFC90082B0E56DE00905B2C;
			remoteInfo = jeevraksha;
		};
		EEFC90242B0E56DF00905B2C /* PBXContainerItemProxy */ = {
			isa = PBXContainerItemProxy;
			containerPortal = EEFC90012B0E56DE00905B2C /* Project object */;
			proxyType = 1;
			remoteGlobalIDString = EEFC90082B0E56DE00905B2C;
			remoteInfo = jeevraksha;
		};
/* End PBXContainerItemProxy section */

/* Begin PBXFileReference section */
		EEFC90092B0E56DE00905B2C /* jeevraksha.app */ = {isa = PBXFileReference; explicitFileType = wrapper.application; includeInIndex = 0; path = jeevraksha.app; sourceTree = BUILT_PRODUCTS_DIR; };
		EEFC900C2B0E56DE00905B2C /* jeevrakshaApp.swift */ = {isa = PBXFileReference; lastKnownFileType = sourcecode.swift; path = jeevrakshaApp.swift; sourceTree = "<group>"; };
		EEFC900E2B0E56DE00905B2C /* ContentView.swift */ = {isa = PBXFileReference; lastKnownFileType = sourcecode.swift; path = ContentView.swift; sourceTree = "<group>"; };
		EEFC90102B0E56DF00905B2C /* Assets.xcassets */ = {isa = PBXFileReference; lastKnownFileType = folder.assetcatalog; path = Assets.xcassets; sourceTree = "<group>"; };
		EEFC90132B0E56DF00905B2C /* Preview Assets.xcassets */ = {isa = PBXFileReference; lastKnownFileType = folder.assetcatalog; path = "Preview Assets.xcassets"; sourceTree = "<group>"; };
		EEFC90192B0E56DF00905B2C /* jeevrakshaTests.xctest */ = {isa = PBXFileReference; explicitFileType = wrapper.cfbundle; includeInIndex = 0; path = jeevrakshaTests.xctest; sourceTree = BUILT_PRODUCTS_DIR; };
		EEFC901D2B0E56DF00905B2C /* jeevrakshaTests.swift */ = {isa = PBXFileReference; lastKnownFileType = sourcecode.swift; path = jeevrakshaTests.swift; sourceTree = "<group>"; };
		EEFC90232B0E56DF00905B2C /* jeevrakshaUITests.xctest */ = {isa = PBXFileReference; explicitFileType = wrapper.cfbundle; includeInIndex = 0; path = jeevrakshaUITests.xctest; sourceTree = BUILT_PRODUCTS_DIR; };
		EEFC90272B0E56DF00905B2C /* jeevrakshaUITests.swift */ = {isa = PBXFileReference; lastKnownFileType = sourcecode.swift; path = jeevrakshaUITests.swift; sourceTree = "<group>"; };
		EEFC90292B0E56DF00905B2C /* jeevrakshaUITestsLaunchTests.swift */ = {isa = PBXFileReference; lastKnownFileType = sourcecode.swift; path = jeevrakshaUITestsLaunchTests.swift; sourceTree = "<group>"; };
/* End PBXFileReference section */

/* Begin PBXFrameworksBuildPhase section */
		EEFC90062B0E56DE00905B2C /* Frameworks */ = {
			isa = PBXFrameworksBuildPhase;
			buildActionMask = 2147483647;
			files = (
			);
			runOnlyForDeploymentPostprocessing = 0;
		};
		EEFC90162B0E56DF00905B2C /* Frameworks */ = {
			isa = PBXFrameworksBuildPhase;
			buildActionMask = 2147483647;
			files = (
			);
			runOnlyForDeploymentPostprocessing = 0;
		};
		EEFC90202B0E56DF00905B2C /* Frameworks */ = {
			isa = PBXFrameworksBuildPhase;
			buildActionMask = 2147483647;
			files = (
			);
			runOnlyForDeploymentPostprocessing = 0;
		};
/* End PBXFrameworksBuildPhase section */

/* Begin PBXGroup section */
		EEFC90002B0E56DE00905B2C = {
			isa = PBXGroup;
			children = (
				EEFC900B2B0E56DE00905B2C /* jeevraksha */,
				EEFC901C2B0E56DF00905B2C /* jeevrakshaTests */,
				EEFC90262B0E56DF00905B2C /* jeevrakshaUITests */,
				EEFC900A2B0E56DE00905B2C /* Products */,
			);
			sourceTree = "<group>";
		};
		EEFC900A2B0E56DE00905B2C /* Products */ = {
			isa = PBXGroup;
			children = (
				EEFC90092B0E56DE00905B2C /* jeevraksha.app */,
				EEFC90192B0E56DF00905B2C /* jeevrakshaTests.xctest */,
				EEFC90232B0E56DF00905B2C /* jeevrakshaUITests.xctest */,
			);
			name = Products;
			sourceTree = "<group>";
		};
		EEFC900B2B0E56DE00905B2C /* jeevraksha */ = {
			isa = PBXGroup;
			children = (
				EEFC900C2B0E56DE00905B2C /* jeevrakshaApp.swift */,
				EEFC900E2B0E56DE00905B2C /* ContentView.swift */,
				EEFC90102B0E56DF00905B2C /* Assets.xcassets */,
				EEFC90122B0E56DF00905B2C /* Preview Content */,
			);
			path = jeevraksha;
			sourceTree = "<group>";
		};
		EEFC90122B0E56DF00905B2C /* Preview Content */ = {
			isa = PBXGroup;
			children = (
				EEFC90132B0E56DF00905B2C /* Preview Assets.xcassets */,
			);
			path = "Preview Content";
			sourceTree = "<group>";
		};
		EEFC901C2B0E56DF00905B2C /* jeevrakshaTests */ = {
			isa = PBXGroup;
			children = (
				EEFC901D2B0E56DF00905B2C /* jeevrakshaTests.swift */,
			);
			path = jeevrakshaTests;
			sourceTree = "<group>";
		};
		EEFC90262B0E56DF00905B2C /* jeevrakshaUITests */ = {
			isa = PBXGroup;
			children = (
				EEFC90272B0E56DF00905B2C /* jeevrakshaUITests.swift */,
				EEFC90292B0E56DF00905B2C /* jeevrakshaUITestsLaunchTests.swift */,
			);
			path = jeevrakshaUITests;
			sourceTree = "<group>";
		};
/* End PBXGroup section */

/* Begin PBXNativeTarget section */
		EEFC90082B0E56DE00905B2C /* jeevraksha */ = {
			isa = PBXNativeTarget;
			buildConfigurationList = EEFC902D2B0E56DF00905B2C /* Build configuration list for PBXNativeTarget "jeevraksha" */;
			buildPhases = (
				EEFC90052B0E56DE00905B2C /* Sources */,
				EEFC90062B0E56DE00905B2C /* Frameworks */,
				EEFC90072B0E56DE00905B2C /* Resources */,
			);
			buildRules = (
			);
			dependencies = (
			);
			name = jeevraksha;
			productName = jeevraksha;
			productReference = EEFC90092B0E56DE00905B2C /* jeevraksha.app */;
			productType = "com.apple.product-type.application";
		};
		EEFC90182B0E56DF00905B2C /* jeevrakshaTests */ = {
			isa = PBXNativeTarget;
			buildConfigurationList = EEFC90302B0E56DF00905B2C /* Build configuration list for PBXNativeTarget "jeevrakshaTests" */;
			buildPhases = (
				EEFC90152B0E56DF00905B2C /* Sources */,
				EEFC90162B0E56DF00905B2C /* Frameworks */,
				EEFC90172B0E56DF00905B2C /* Resources */,
			);
			buildRules = (
			);
			dependencies = (
				EEFC901B2B0E56DF00905B2C /* PBXTargetDependency */,
			);
			name = jeevrakshaTests;
			productName = jeevrakshaTests;
			productReference = EEFC90192B0E56DF00905B2C /* jeevrakshaTests.xctest */;
			productType = "com.apple.product-type.bundle.unit-test";
		};
		EEFC90222B0E56DF00905B2C /* jeevrakshaUITests */ = {
			isa = PBXNativeTarget;
			buildConfigurationList = EEFC90332B0E56DF00905B2C /* Build configuration list for PBXNativeTarget "jeevrakshaUITests" */;
			buildPhases = (
				EEFC901F2B0E56DF00905B2C /* Sources */,
				EEFC90202B0E56DF00905B2C /* Frameworks */,
				EEFC90212B0E56DF00905B2C /* Resources */,
			);
			buildRules = (
			);
			dependencies = (
				EEFC90252B0E56DF00905B2C /* PBXTargetDependency */,
			);
			name = jeevrakshaUITests;
			productName = jeevrakshaUITests;
			productReference = EEFC90232B0E56DF00905B2C /* jeevrakshaUITests.xctest */;
			productType = "com.apple.product-type.bundle.ui-testing";
		};
/* End PBXNativeTarget section */

/* Begin PBXProject section */
		EEFC90012B0E56DE00905B2C /* Project object */ = {
			isa = PBXProject;
			attributes = {
				BuildIndependentTargetsInParallel = 1;
				LastSwiftUpdateCheck = 1500;
				LastUpgradeCheck = 1500;
				TargetAttributes = {
					EEFC90082B0E56DE00905B2C = {
						CreatedOnToolsVersion = 15.0.1;
					};
					EEFC90182B0E56DF00905B2C = {
						CreatedOnToolsVersion = 15.0.1;
						TestTargetID = EEFC90082B0E56DE00905B2C;
					};
					EEFC90222B0E56DF00905B2C = {
						CreatedOnToolsVersion = 15.0.1;
						TestTargetID = EEFC90082B0E56DE00905B2C;
					};
				};
			};
			buildConfigurationList = EEFC90042B0E56DE00905B2C /* Build configuration list for PBXProject "jeevraksha" */;
			compatibilityVersion = "Xcode 14.0";
			developmentRegion = en;
			hasScannedForEncodings = 0;
			knownRegions = (
				en,
				Base,
			);
			mainGroup = EEFC90002B0E56DE00905B2C;
			productRefGroup = EEFC900A2B0E56DE00905B2C /* Products */;
			projectDirPath = "";
			projectRoot = "";
			targets = (
				EEFC90082B0E56DE00905B2C /* jeevraksha */,
				EEFC90182B0E56DF00905B2C /* jeevrakshaTests */,
				EEFC90222B0E56DF00905B2C /* jeevrakshaUITests */,
			);
		};
/* End PBXProject section */

/* Begin PBXResourcesBuildPhase section */
		EEFC90072B0E56DE00905B2C /* Resources */ = {
			isa = PBXResourcesBuildPhase;
			buildActionMask = 2147483647;
			files = (
				EEFC90142B0E56DF00905B2C /* Preview Assets.xcassets in Resources */,
				EEFC90112B0E56DF00905B2C /* Assets.xcassets in Resources */,
			);
			runOnlyForDeploymentPostprocessing = 0;
		};
		EEFC90172B0E56DF00905B2C /* Resources */ = {
			isa = PBXResourcesBuildPhase;
			buildActionMask = 2147483647;
			files = (
			);
			runOnlyForDeploymentPostprocessing = 0;
		};
		EEFC90212B0E56DF00905B2C /* Resources */ = {
			isa = PBXResourcesBuildPhase;
			buildActionMask = 2147483647;
			files = (
			);
			runOnlyForDeploymentPostprocessing = 0;
		};
/* End PBXResourcesBuildPhase section */

/* Begin PBXSourcesBuildPhase section */
		EEFC90052B0E56DE00905B2C /* Sources */ = {
			isa = PBXSourcesBuildPhase;
			buildActionMask = 2147483647;
			files = (
				EEFC900F2B0E56DE00905B2C /* ContentView.swift in Sources */,
				EEFC900D2B0E56DE00905B2C /* jeevrakshaApp.swift in Sources */,
			);
			runOnlyForDeploymentPostprocessing = 0;
		};
		EEFC90152B0E56DF00905B2C /* Sources */ = {
			isa = PBXSourcesBuildPhase;
			buildActionMask = 2147483647;
			files = (
				EEFC901E2B0E56DF00905B2C /* jeevrakshaTests.swift in Sources */,
			);
			runOnlyForDeploymentPostprocessing = 0;
		};
		EEFC901F2B0E56DF00905B2C /* Sources */ = {
			isa = PBXSourcesBuildPhase;
			buildActionMask = 2147483647;
			files = (
				EEFC902A2B0E56DF00905B2C /* jeevrakshaUITestsLaunchTests.swift in Sources */,
				EEFC90282B0E56DF00905B2C /* jeevrakshaUITests.swift in Sources */,
			);
			runOnlyForDeploymentPostprocessing = 0;
		};
/* End PBXSourcesBuildPhase section */

/* Begin PBXTargetDependency section */
		EEFC901B2B0E56DF00905B2C /* PBXTargetDependency */ = {
			isa = PBXTargetDependency;
			target = EEFC90082B0E56DE00905B2C /* jeevraksha */;
			targetProxy = EEFC901A2B0E56DF00905B2C /* PBXContainerItemProxy */;
		};
		EEFC90252B0E56DF00905B2C /* PBXTargetDependency */ = {
			isa = PBXTargetDependency;
			target = EEFC90082B0E56DE00905B2C /* jeevraksha */;
			targetProxy = EEFC90242B0E56DF00905B2C /* PBXContainerItemProxy */;
		};
/* End PBXTargetDependency section */

/* Begin XCBuildConfiguration section */
		EEFC902B2B0E56DF00905B2C /* Debug */ = {
			isa = XCBuildConfiguration;
			buildSettings = {
				ALWAYS_SEARCH_USER_PATHS = NO;
				ASSETCATALOG_COMPILER_GENERATE_SWIFT_ASSET_SYMBOL_EXTENSIONS = YES;
				CLANG_ANALYZER_NONNULL = YES;
				CLANG_ANALYZER_NUMBER_OBJECT_CONVERSION = YES_AGGRESSIVE;
				CLANG_CXX_LANGUAGE_STANDARD = "gnu++20";
				CLANG_ENABLE_MODULES = YES;
				CLANG_ENABLE_OBJC_ARC = YES;
				CLANG_ENABLE_OBJC_WEAK = YES;
				CLANG_WARN_BLOCK_CAPTURE_AUTORELEASING = YES;
				CLANG_WARN_BOOL_CONVERSION = YES;
				CLANG_WARN_COMMA = YES;
				CLANG_WARN_CONSTANT_CONVERSION = YES;
				CLANG_WARN_DEPRECATED_OBJC_IMPLEMENTATIONS = YES;
				CLANG_WARN_DIRECT_OBJC_ISA_USAGE = YES_ERROR;
				CLANG_WARN_DOCUMENTATION_COMMENTS = YES;
				CLANG_WARN_EMPTY_BODY = YES;
				CLANG_WARN_ENUM_CONVERSION = YES;
				CLANG_WARN_INFINITE_RECURSION = YES;
				CLANG_WARN_INT_CONVERSION = YES;
				CLANG_WARN_NON_LITERAL_NULL_CONVERSION = YES;
				CLANG_WARN_OBJC_IMPLICIT_RETAIN_SELF = YES;
				CLANG_WARN_OBJC_LITERAL_CONVERSION = YES;
				CLANG_WARN_OBJC_ROOT_CLASS = YES_ERROR;
				CLANG_WARN_QUOTED_INCLUDE_IN_FRAMEWORK_HEADER = YES;
				CLANG_WARN_RANGE_LOOP_ANALYSIS = YES;
				CLANG_WARN_STRICT_PROTOTYPES = YES;
				CLANG_WARN_SUSPICIOUS_MOVE = YES;
				CLANG_WARN_UNGUARDED_AVAILABILITY = YES_AGGRESSIVE;
				CLANG_WARN_UNREACHABLE_CODE = YES;
				CLANG_WARN__DUPLICATE_METHOD_MATCH = YES;
				COPY_PHASE_STRIP = NO;
				DEBUG_INFORMATION_FORMAT = dwarf;
				ENABLE_STRICT_OBJC_MSGSEND = YES;
				ENABLE_TESTABILITY = YES;
				ENABLE_USER_SCRIPT_SANDBOXING = YES;
				GCC_C_LANGUAGE_STANDARD = gnu17;
				GCC_DYNAMIC_NO_PIC = NO;
				GCC_NO_COMMON_BLOCKS = YES;
				GCC_OPTIMIZATION_LEVEL = 0;
				GCC_PREPROCESSOR_DEFINITIONS = (
					"DEBUG=1",
					"$(inherited)",
				);
				GCC_WARN_64_TO_32_BIT_CONVERSION = YES;
				GCC_WARN_ABOUT_RETURN_TYPE = YES_ERROR;
				GCC_WARN_UNDECLARED_SELECTOR = YES;
				GCC_WARN_UNINITIALIZED_AUTOS = YES_AGGRESSIVE;
				GCC_WARN_UNUSED_FUNCTION = YES;
				GCC_WARN_UNUSED_VARIABLE = YES;
				IPHONEOS_DEPLOYMENT_TARGET = 17.0;
				LOCALIZATION_PREFERS_STRING_CATALOGS = YES;
				MTL_ENABLE_DEBUG_INFO = INCLUDE_SOURCE;
				MTL_FAST_MATH = YES;
				ONLY_ACTIVE_ARCH = YES;
				SDKROOT = iphoneos;
				SWIFT_ACTIVE_COMPILATION_CONDITIONS = "DEBUG $(inherited)";
				SWIFT_OPTIMIZATION_LEVEL = "-Onone";
			};
			name = Debug;
		};
		EEFC902C2B0E56DF00905B2C /* Release */ = {
			isa = XCBuildConfiguration;
			buildSettings = {
				ALWAYS_SEARCH_USER_PATHS = NO;
				ASSETCATALOG_COMPILER_GENERATE_SWIFT_ASSET_SYMBOL_EXTENSIONS = YES;
				CLANG_ANALYZER_NONNULL = YES;
				CLANG_ANALYZER_NUMBER_OBJECT_CONVERSION = YES_AGGRESSIVE;
				CLANG_CXX_LANGUAGE_STANDARD = "gnu++20";
				CLANG_ENABLE_MODULES = YES;
				CLANG_ENABLE_OBJC_ARC = YES;
				CLANG_ENABLE_OBJC_WEAK = YES;
				CLANG_WARN_BLOCK_CAPTURE_AUTORELEASING = YES;
				CLANG_WARN_BOOL_CONVERSION = YES;
				CLANG_WARN_COMMA = YES;
				CLANG_WARN_CONSTANT_CONVERSION = YES;
				CLANG_WARN_DEPRECATED_OBJC_IMPLEMENTATIONS = YES;
				CLANG_WARN_DIRECT_OBJC_ISA_USAGE = YES_ERROR;
				CLANG_WARN_DOCUMENTATION_COMMENTS = YES;
				CLANG_WARN_EMPTY_BODY = YES;
				CLANG_WARN_ENUM_CONVERSION = YES;
				CLANG_WARN_INFINITE_RECURSION = YES;
				CLANG_WARN_INT_CONVERSION = YES;
				CLANG_WARN_NON_LITERAL_NULL_CONVERSION = YES;
				CLANG_WARN_OBJC_IMPLICIT_RETAIN_SELF = YES;
				CLANG_WARN_OBJC_LITERAL_CONVERSION = YES;
				CLANG_WARN_OBJC_ROOT_CLASS = YES_ERROR;
				CLANG_WARN_QUOTED_INCLUDE_IN_FRAMEWORK_HEADER = YES;
				CLANG_WARN_RANGE_LOOP_ANALYSIS = YES;
				CLANG_WARN_STRICT_PROTOTYPES = YES;
				CLANG_WARN_SUSPICIOUS_MOVE = YES;
				CLANG_WARN_UNGUARDED_AVAILABILITY = YES_AGGRESSIVE;
				CLANG_WARN_UNREACHABLE_CODE = YES;
				CLANG_WARN__DUPLICATE_METHOD_MATCH = YES;
				COPY_PHASE_STRIP = NO;
				DEBUG_INFORMATION_FORMAT = "dwarf-with-dsym";
				ENABLE_NS_ASSERTIONS = NO;
				ENABLE_STRICT_OBJC_MSGSEND = YES;
				ENABLE_USER_SCRIPT_SANDBOXING = YES;
				GCC_C_LANGUAGE_STANDARD = gnu17;
				GCC_NO_COMMON_BLOCKS = YES;
				GCC_WARN_64_TO_32_BIT_CONVERSION = YES;
				GCC_WARN_ABOUT_RETURN_TYPE = YES_ERROR;
				GCC_WARN_UNDECLARED_SELECTOR = YES;
				GCC_WARN_UNINITIALIZED_AUTOS = YES_AGGRESSIVE;
				GCC_WARN_UNUSED_FUNCTION = YES;
				GCC_WARN_UNUSED_VARIABLE = YES;
				IPHONEOS_DEPLOYMENT_TARGET = 17.0;
				LOCALIZATION_PREFERS_STRING_CATALOGS = YES;
				MTL_ENABLE_DEBUG_INFO = NO;
				MTL_FAST_MATH = YES;
				SDKROOT = iphoneos;
				SWIFT_COMPILATION_MODE = wholemodule;
				VALIDATE_PRODUCT = YES;
			};
			name = Release;
		};
		EEFC902E2B0E56DF00905B2C /* Debug */ = {
			isa = XCBuildConfiguration;
			buildSettings = {
				ASSETCATALOG_COMPILER_APPICON_NAME = AppIcon;
				ASSETCATALOG_COMPILER_GLOBAL_ACCENT_COLOR_NAME = AccentColor;
				CODE_SIGN_STYLE = Automatic;
				CURRENT_PROJECT_VERSION = 1;
				DEVELOPMENT_ASSET_PATHS = "\"jeevraksha/Preview Content\"";
				ENABLE_PREVIEWS = YES;
				GENERATE_INFOPLIST_FILE = YES;
				INFOPLIST_KEY_UIApplicationSceneManifest_Generation = YES;
				INFOPLIST_KEY_UIApplicationSupportsIndirectInputEvents = YES;
				INFOPLIST_KEY_UILaunchScreen_Generation = YES;
				INFOPLIST_KEY_UISupportedInterfaceOrientations_iPad = "UIInterfaceOrientationPortrait UIInterfaceOrientationPortraitUpsideDown UIInterfaceOrientationLandscapeLeft UIInterfaceOrientationLandscapeRight";
				INFOPLIST_KEY_UISupportedInterfaceOrientations_iPhone = "UIInterfaceOrientationPortrait UIInterfaceOrientationLandscapeLeft UIInterfaceOrientationLandscapeRight";
				LD_RUNPATH_SEARCH_PATHS = (
					"$(inherited)",
					"@executable_path/Frameworks",
				);
				MARKETING_VERSION = 1.0;
				PRODUCT_BUNDLE_IDENTIFIER = a.jeevraksha;
				PRODUCT_NAME = "$(TARGET_NAME)";
				SWIFT_EMIT_LOC_STRINGS = YES;
				SWIFT_VERSION = 5.0;
				TARGETED_DEVICE_FAMILY = "1,2";
			};
			name = Debug;
		};
		EEFC902F2B0E56DF00905B2C /* Release */ = {
			isa = XCBuildConfiguration;
			buildSettings = {
				ASSETCATALOG_COMPILER_APPICON_NAME = AppIcon;
				ASSETCATALOG_COMPILER_GLOBAL_ACCENT_COLOR_NAME = AccentColor;
				CODE_SIGN_STYLE = Automatic;
				CURRENT_PROJECT_VERSION = 1;
				DEVELOPMENT_ASSET_PATHS = "\"jeevraksha/Preview Content\"";
				ENABLE_PREVIEWS = YES;
				GENERATE_INFOPLIST_FILE = YES;
				INFOPLIST_KEY_UIApplicationSceneManifest_Generation = YES;
				INFOPLIST_KEY_UIApplicationSupportsIndirectInputEvents = YES;
				INFOPLIST_KEY_UILaunchScreen_Generation = YES;
				INFOPLIST_KEY_UISupportedInterfaceOrientations_iPad = "UIInterfaceOrientationPortrait UIInterfaceOrientationPortraitUpsideDown UIInterfaceOrientationLandscapeLeft UIInterfaceOrientationLandscapeRight";
				INFOPLIST_KEY_UISupportedInterfaceOrientations_iPhone = "UIInterfaceOrientationPortrait UIInterfaceOrientationLandscapeLeft UIInterfaceOrientationLandscapeRight";
				LD_RUNPATH_SEARCH_PATHS = (
					"$(inherited)",
					"@executable_path/Frameworks",
				);
				MARKETING_VERSION = 1.0;
				PRODUCT_BUNDLE_IDENTIFIER = a.jeevraksha;
				PRODUCT_NAME = "$(TARGET_NAME)";
				SWIFT_EMIT_LOC_STRINGS = YES;
				SWIFT_VERSION = 5.0;
				TARGETED_DEVICE_FAMILY = "1,2";
			};
			name = Release;
		};
		EEFC90312B0E56DF00905B2C /* Debug */ = {
			isa = XCBuildConfiguration;
			buildSettings = {
				ALWAYS_EMBED_SWIFT_STANDARD_LIBRARIES = YES;
				BUNDLE_LOADER = "$(TEST_HOST)";
				CODE_SIGN_STYLE = Automatic;
				CURRENT_PROJECT_VERSION = 1;
				GENERATE_INFOPLIST_FILE = YES;
				IPHONEOS_DEPLOYMENT_TARGET = 17.0;
				MARKETING_VERSION = 1.0;
				PRODUCT_BUNDLE_IDENTIFIER = a.jeevrakshaTests;
				PRODUCT_NAME = "$(TARGET_NAME)";
				SWIFT_EMIT_LOC_STRINGS = NO;
				SWIFT_VERSION = 5.0;
				TARGETED_DEVICE_FAMILY = "1,2";
				TEST_HOST = "$(BUILT_PRODUCTS_DIR)/jeevraksha.app/$(BUNDLE_EXECUTABLE_FOLDER_PATH)/jeevraksha";
			};
			name = Debug;
		};
		EEFC90322B0E56DF00905B2C /* Release */ = {
			isa = XCBuildConfiguration;
			buildSettings = {
				ALWAYS_EMBED_SWIFT_STANDARD_LIBRARIES = YES;
				BUNDLE_LOADER = "$(TEST_HOST)";
				CODE_SIGN_STYLE = Automatic;
				CURRENT_PROJECT_VERSION = 1;
				GENERATE_INFOPLIST_FILE = YES;
				IPHONEOS_DEPLOYMENT_TARGET = 17.0;
				MARKETING_VERSION = 1.0;
				PRODUCT_BUNDLE_IDENTIFIER = a.jeevrakshaTests;
				PRODUCT_NAME = "$(TARGET_NAME)";
				SWIFT_EMIT_LOC_STRINGS = NO;
				SWIFT_VERSION = 5.0;
				TARGETED_DEVICE_FAMILY = "1,2";
				TEST_HOST = "$(BUILT_PRODUCTS_DIR)/jeevraksha.app/$(BUNDLE_EXECUTABLE_FOLDER_PATH)/jeevraksha";
			};
			name = Release;
		};
		EEFC90342B0E56DF00905B2C /* Debug */ = {
			isa = XCBuildConfiguration;
			buildSettings = {
				ALWAYS_EMBED_SWIFT_STANDARD_LIBRARIES = YES;
				CODE_SIGN_STYLE = Automatic;
				CURRENT_PROJECT_VERSION = 1;
				GENERATE_INFOPLIST_FILE = YES;
				MARKETING_VERSION = 1.0;
				PRODUCT_BUNDLE_IDENTIFIER = a.jeevrakshaUITests;
				PRODUCT_NAME = "$(TARGET_NAME)";
				SWIFT_EMIT_LOC_STRINGS = NO;
				SWIFT_VERSION = 5.0;
				TARGETED_DEVICE_FAMILY = "1,2";
				TEST_TARGET_NAME = jeevraksha;
			};
			name = Debug;
		};
		EEFC90352B0E56DF00905B2C /* Release */ = {
			isa = XCBuildConfiguration;
			buildSettings = {
				ALWAYS_EMBED_SWIFT_STANDARD_LIBRARIES = YES;
				CODE_SIGN_STYLE = Automatic;
				CURRENT_PROJECT_VERSION = 1;
				GENERATE_INFOPLIST_FILE = YES;
				MARKETING_VERSION = 1.0;
				PRODUCT_BUNDLE_IDENTIFIER = a.jeevrakshaUITests;
				PRODUCT_NAME = "$(TARGET_NAME)";
				SWIFT_EMIT_LOC_STRINGS = NO;
				SWIFT_VERSION = 5.0;
				TARGETED_DEVICE_FAMILY = "1,2";
				TEST_TARGET_NAME = jeevraksha;
			};
			name = Release;
		};
/* End XCBuildConfiguration section */

/* Begin XCConfigurationList section */
		EEFC90042B0E56DE00905B2C /* Build configuration list for PBXProject "jeevraksha" */ = {
			isa = XCConfigurationList;
			buildConfigurations = (
				EEFC902B2B0E56DF00905B2C /* Debug */,
				EEFC902C2B0E56DF00905B2C /* Release */,
			);
			defaultConfigurationIsVisible = 0;
			defaultConfigurationName = Release;
		};
		EEFC902D2B0E56DF00905B2C /* Build configuration list for PBXNativeTarget "jeevraksha" */ = {
			isa = XCConfigurationList;
			buildConfigurations = (
				EEFC902E2B0E56DF00905B2C /* Debug */,
				EEFC902F2B0E56DF00905B2C /* Release */,
			);
			defaultConfigurationIsVisible = 0;
			defaultConfigurationName = Release;
		};
		EEFC90302B0E56DF00905B2C /* Build configuration list for PBXNativeTarget "jeevrakshaTests" */ = {
			isa = XCConfigurationList;
			buildConfigurations = (
				EEFC90312B0E56DF00905B2C /* Debug */,
				EEFC90322B0E56DF00905B2C /* Release */,
			);
			defaultConfigurationIsVisible = 0;
			defaultConfigurationName = Release;
		};
		EEFC90332B0E56DF00905B2C /* Build configuration list for PBXNativeTarget "jeevrakshaUITests" */ = {
			isa = XCConfigurationList;
			buildConfigurations = (
				EEFC90342B0E56DF00905B2C /* Debug */,
				EEFC90352B0E56DF00905B2C /* Release */,
			);
			defaultConfigurationIsVisible = 0;
			defaultConfigurationName = Release;
		};
/* End XCConfigurationList section */
	};
	rootObject = EEFC90012B0E56DE00905B2C /* Project object */;
}
